[[package]]
category = "main"
description = "YouTube video downloader"
name = "youtube-dl"
optional = false
python-versions = "*"
version = "2021.5.16"

[metadata]
content-hash = "ac3ef5d5afdc8d4fde6b785cd5021dbb762627a7e18934d0194d02ccf53f8fe4"
python-versions = "^3.8"

[metadata.files]
youtube-dl = [
    {file = "youtube_dl-2021.5.16-py2.py3-none-any.whl", hash = "sha256:deb489a17e541ec7ac35581375ae94161eb22a7ec3373b1216181a4360c187ab"},
    {file = "youtube_dl-2021.5.16.tar.gz", hash = "sha256:4e569cb0477428fd96ee6f7e7a6640b7c9416be626ed708ac4b8ada6c5a6ffbe"},
]
